
Microsoft Visual Studio Solution File, Format Version 11.00
# Visual Studio 2010
Project("{8BC9CEB8-8B4A-11D0-8D11-00A0C91BC942}") = "ForcePad", "ForcePad\ForcePad.vcxproj", "{F13418DD-0564-4ABE-84DE-E7CCAB764AA1}"
EndProject
Project("{8BC9CEB8-8B4A-11D0-8D11-00A0C91BC942}") = "forcepadserver", "forcepadserver\forcepadserver.vcxproj", "{EC4F555A-60B3-4B07-9EA9-DA0E50FA645B}"
EndProject
Global
	GlobalSection(SolutionConfigurationPlatforms) = preSolution
		Debug|Win32 = Debug|Win32
		Release|Win32 = Release|Win32
	EndGlobalSection
	GlobalSection(ProjectConfigurationPlatforms) = postSolution
		{F13418DD-0564-4ABE-84DE-E7CCAB764AA1}.Debug|Win32.ActiveCfg = Debug|Win32
		{F13418DD-0564-4ABE-84DE-E7CCAB764AA1}.Debug|Win32.Build.0 = Debug|Win32
		{F13418DD-0564-4ABE-84DE-E7CCAB764AA1}.Release|Win32.ActiveCfg = Release|Win32
		{F13418DD-0564-4ABE-84DE-E7CCAB764AA1}.Release|Win32.Build.0 = Release|Win32
		{EC4F555A-60B3-4B07-9EA9-DA0E50FA645B}.Debug|Win32.ActiveCfg = Debug|Win32
		{EC4F555A-60B3-4B07-9EA9-DA0E50FA645B}.Debug|Win32.Build.0 = Debug|Win32
		{EC4F555A-60B3-4B07-9EA9-DA0E50FA645B}.Release|Win32.ActiveCfg = Release|Win32
		{EC4F555A-60B3-4B07-9EA9-DA0E50FA645B}.Release|Win32.Build.0 = Release|Win32
	EndGlobalSection
	GlobalSection(SolutionProperties) = preSolution
		HideSolutionNode = FALSE
	EndGlobalSection
EndGlobal
